
Microsoft Visual Studio Solution File, Format Version 12.00
# Visual Studio Version 17
VisualStudioVersion = 17.13.35919.96
MinimumVisualStudioVersion = 10.0.40219.1
Project("{9A19103F-16F7-4668-BE54-9A1E7A4F7556}") = "Testtest", "Testtest\Testtest.csproj", "{A8E3DEA3-1119-408C-A5DC-95CEB7499759}"
EndProject
Project("{9A19103F-16F7-4668-BE54-9A1E7A4F7556}") = "Testtest.Client", "Testtest.Client\Testtest.Client.csproj", "{67635B01-EDF8-4C58-9AD8-03F120EDEBF4}"
EndProject
Global
	GlobalSection(SolutionConfigurationPlatforms) = preSolution
		Debug|Any CPU = Debug|Any CPU
		Release|Any CPU = Release|Any CPU
	EndGlobalSection
	GlobalSection(ProjectConfigurationPlatforms) = postSolution
		{A8E3DEA3-1119-408C-A5DC-95CEB7499759}.Debug|Any CPU.ActiveCfg = Debug|Any CPU
		{A8E3DEA3-1119-408C-A5DC-95CEB7499759}.Debug|Any CPU.Build.0 = Debug|Any CPU
		{A8E3DEA3-1119-408C-A5DC-95CEB7499759}.Release|Any CPU.ActiveCfg = Release|Any CPU
		{A8E3DEA3-1119-408C-A5DC-95CEB7499759}.Release|Any CPU.Build.0 = Release|Any CPU
		{67635B01-EDF8-4C58-9AD8-03F120EDEBF4}.Debug|Any CPU.ActiveCfg = Debug|Any CPU
		{67635B01-EDF8-4C58-9AD8-03F120EDEBF4}.Debug|Any CPU.Build.0 = Debug|Any CPU
		{67635B01-EDF8-4C58-9AD8-03F120EDEBF4}.Release|Any CPU.ActiveCfg = Release|Any CPU
		{67635B01-EDF8-4C58-9AD8-03F120EDEBF4}.Release|Any CPU.Build.0 = Release|Any CPU
	EndGlobalSection
	GlobalSection(SolutionProperties) = preSolution
		HideSolutionNode = FALSE
	EndGlobalSection
	GlobalSection(ExtensibilityGlobals) = postSolution
		SolutionGuid = {B5B6626F-785F-46DA-9228-BEA162A8ECAE}
	EndGlobalSection
EndGlobal
