
Microsoft Visual Studio Solution File, Format Version 12.00
# Visual Studio Version 17
VisualStudioVersion = 17.10.35201.131
MinimumVisualStudioVersion = 10.0.40219.1
Project("{9A19103F-16F7-4668-BE54-9A1E7A4F7556}") = "Gotorz2", "Gotorz2\Gotorz2\Gotorz2.csproj", "{E2F26104-8A03-4455-94BF-71B2DE76B009}"
EndProject
Project("{9A19103F-16F7-4668-BE54-9A1E7A4F7556}") = "Gotorz2.Client", "Gotorz2\Gotorz2.Client\Gotorz2.Client.csproj", "{DFF04FF1-C193-464D-B540-4174472F4B6C}"
EndProject
Global
	GlobalSection(SolutionConfigurationPlatforms) = preSolution
		Debug|Any CPU = Debug|Any CPU
		Release|Any CPU = Release|Any CPU
	EndGlobalSection
	GlobalSection(ProjectConfigurationPlatforms) = postSolution
		{E2F26104-8A03-4455-94BF-71B2DE76B009}.Debug|Any CPU.ActiveCfg = Debug|Any CPU
		{E2F26104-8A03-4455-94BF-71B2DE76B009}.Debug|Any CPU.Build.0 = Debug|Any CPU
		{E2F26104-8A03-4455-94BF-71B2DE76B009}.Release|Any CPU.ActiveCfg = Release|Any CPU
		{E2F26104-8A03-4455-94BF-71B2DE76B009}.Release|Any CPU.Build.0 = Release|Any CPU
		{DFF04FF1-C193-464D-B540-4174472F4B6C}.Debug|Any CPU.ActiveCfg = Debug|Any CPU
		{DFF04FF1-C193-464D-B540-4174472F4B6C}.Debug|Any CPU.Build.0 = Debug|Any CPU
		{DFF04FF1-C193-464D-B540-4174472F4B6C}.Release|Any CPU.ActiveCfg = Release|Any CPU
		{DFF04FF1-C193-464D-B540-4174472F4B6C}.Release|Any CPU.Build.0 = Release|Any CPU
	EndGlobalSection
	GlobalSection(SolutionProperties) = preSolution
		HideSolutionNode = FALSE
	EndGlobalSection
	GlobalSection(ExtensibilityGlobals) = postSolution
		SolutionGuid = {2114E64A-B45F-48D2-BE00-001AFEEB4727}
	EndGlobalSection
EndGlobal
